
Microsoft Visual Studio Solution File, Format Version 12.00
# Visual Studio Version 17
VisualStudioVersion = 17.3.32929.385
MinimumVisualStudioVersion = 10.0.40219.1
Project("{FAE04EC0-301F-11D3-BF4B-00C04F79EFBC}") = "BigBen", "BigBen.csproj", "{65026EAC-D03B-426C-BF72-156EF198AA15}"
EndProject
Global
	GlobalSection(SolutionConfigurationPlatforms) = preSolution
		Debug|Any CPU = Debug|Any CPU
		Release|Any CPU = Release|Any CPU
	EndGlobalSection
	GlobalSection(ProjectConfigurationPlatforms) = postSolution
		{65026EAC-D03B-426C-BF72-156EF198AA15}.Debug|Any CPU.ActiveCfg = Debug|Any CPU
		{65026EAC-D03B-426C-BF72-156EF198AA15}.Debug|Any CPU.Build.0 = Debug|Any CPU
		{65026EAC-D03B-426C-BF72-156EF198AA15}.Release|Any CPU.ActiveCfg = Release|Any CPU
		{65026EAC-D03B-426C-BF72-156EF198AA15}.Release|Any CPU.Build.0 = Release|Any CPU
	EndGlobalSection
	GlobalSection(SolutionProperties) = preSolution
		HideSolutionNode = FALSE
	EndGlobalSection
	GlobalSection(ExtensibilityGlobals) = postSolution
		SolutionGuid = {26AACC3A-A577-4926-8B60-D446A5C22118}
	EndGlobalSection
EndGlobal
